// !$*UTF8*$!
{
	archiveVersion = 1;
	classes = {
	};
	objectVersion = 50;
	objects = {

/* Begin PBXBuildFile section */
		432F7D9323A7615500165441 /* TitleEditingView.swift in Sources */ = {isa = PBXBuildFile; fileRef = 432F7D9223A7615500165441 /* TitleEditingView.swift */; };
		43B47018239641A500E956C8 /* AppDelegate.swift in Sources */ = {isa = PBXBuildFile; fileRef = 43B47017239641A500E956C8 /* AppDelegate.swift */; };
		43B4701A239641A500E956C8 /* SceneDelegate.swift in Sources */ = {isa = PBXBuildFile; fileRef = 43B47019239641A500E956C8 /* SceneDelegate.swift */; };
		43B4701C239641A500E956C8 /* ContentView.swift in Sources */ = {isa = PBXBuildFile; fileRef = 43B4701B239641A500E956C8 /* ContentView.swift */; };
		43B4701E239641A600E956C8 /* Assets.xcassets in Resources */ = {isa = PBXBuildFile; fileRef = 43B4701D239641A600E956C8 /* Assets.xcassets */; };
		43B47021239641A600E956C8 /* Preview Assets.xcassets in Resources */ = {isa = PBXBuildFile; fileRef = 43B47020239641A600E956C8 /* Preview Assets.xcassets */; };
		43B47024239641A600E956C8 /* LaunchScreen.storyboard in Resources */ = {isa = PBXBuildFile; fileRef = 43B47022239641A600E956C8 /* LaunchScreen.storyboard */; };
		43B470312396812700E956C8 /* Binding.swift in Sources */ = {isa = PBXBuildFile; fileRef = 43B4702E2396812700E956C8 /* Binding.swift */; };
		43B470322396812700E956C8 /* ForEach.swift in Sources */ = {isa = PBXBuildFile; fileRef = 43B4702F2396812700E956C8 /* ForEach.swift */; };
		43B470332396812700E956C8 /* IndexCollection.swift in Sources */ = {isa = PBXBuildFile; fileRef = 43B470302396812700E956C8 /* IndexCollection.swift */; };
		43B47035239ABE0700E956C8 /* Title.swift in Sources */ = {isa = PBXBuildFile; fileRef = 43B47034239ABE0700E956C8 /* Title.swift */; };
		43B47037239ABE9400E956C8 /* Title.Kind.swift in Sources */ = {isa = PBXBuildFile; fileRef = 43B47036239ABE9400E956C8 /* Title.Kind.swift */; };
		43B47039239ABF0B00E956C8 /* Title.Kind.Priority.swift in Sources */ = {isa = PBXBuildFile; fileRef = 43B47038239ABF0B00E956C8 /* Title.Kind.Priority.swift */; };
		43B4703B239ABF6300E956C8 /* TitleStore.swift in Sources */ = {isa = PBXBuildFile; fileRef = 43B4703A239ABF6300E956C8 /* TitleStore.swift */; };
		43B4703D239AC01800E956C8 /* TitleStore.PrioritizedInKindedTitle.swift in Sources */ = {isa = PBXBuildFile; fileRef = 43B4703C239AC01800E956C8 /* TitleStore.PrioritizedInKindedTitle.swift */; };
		43B4703F239C4B0F00E956C8 /* SectionView.swift in Sources */ = {isa = PBXBuildFile; fileRef = 43B4703E239C4B0F00E956C8 /* SectionView.swift */; };
		43B47043239C508700E956C8 /* RowView.swift in Sources */ = {isa = PBXBuildFile; fileRef = 43B47042239C508700E956C8 /* RowView.swift */; };
/* End PBXBuildFile section */

/* Begin PBXFileReference section */
		432F7D9223A7615500165441 /* TitleEditingView.swift */ = {isa = PBXFileReference; lastKnownFileType = sourcecode.swift; path = TitleEditingView.swift; sourceTree = "<group>"; };
		43B47014239641A500E956C8 /* WatchList.app */ = {isa = PBXFileReference; explicitFileType = wrapper.application; includeInIndex = 0; path = WatchList.app; sourceTree = BUILT_PRODUCTS_DIR; };
		43B47017239641A500E956C8 /* AppDelegate.swift */ = {isa = PBXFileReference; lastKnownFileType = sourcecode.swift; path = AppDelegate.swift; sourceTree = "<group>"; };
		43B47019239641A500E956C8 /* SceneDelegate.swift */ = {isa = PBXFileReference; lastKnownFileType = sourcecode.swift; path = SceneDelegate.swift; sourceTree = "<group>"; };
		43B4701B239641A500E956C8 /* ContentView.swift */ = {isa = PBXFileReference; lastKnownFileType = sourcecode.swift; path = ContentView.swift; sourceTree = "<group>"; };
		43B4701D239641A600E956C8 /* Assets.xcassets */ = {isa = PBXFileReference; lastKnownFileType = folder.assetcatalog; path = Assets.xcassets; sourceTree = "<group>"; };
		43B47020239641A600E956C8 /* Preview Assets.xcassets */ = {isa = PBXFileReference; lastKnownFileType = folder.assetcatalog; path = "Preview Assets.xcassets"; sourceTree = "<group>"; };
		43B47023239641A600E956C8 /* Base */ = {isa = PBXFileReference; lastKnownFileType = file.storyboard; name = Base; path = Base.lproj/LaunchScreen.storyboard; sourceTree = "<group>"; };
		43B47025239641A600E956C8 /* Info.plist */ = {isa = PBXFileReference; lastKnownFileType = text.plist.xml; path = Info.plist; sourceTree = "<group>"; };
		43B4702E2396812700E956C8 /* Binding.swift */ = {isa = PBXFileReference; fileEncoding = 4; lastKnownFileType = sourcecode.swift; path = Binding.swift; sourceTree = "<group>"; };
		43B4702F2396812700E956C8 /* ForEach.swift */ = {isa = PBXFileReference; fileEncoding = 4; lastKnownFileType = sourcecode.swift; path = ForEach.swift; sourceTree = "<group>"; };
		43B470302396812700E956C8 /* IndexCollection.swift */ = {isa = PBXFileReference; fileEncoding = 4; lastKnownFileType = sourcecode.swift; path = IndexCollection.swift; sourceTree = "<group>"; };
		43B47034239ABE0700E956C8 /* Title.swift */ = {isa = PBXFileReference; lastKnownFileType = sourcecode.swift; path = Title.swift; sourceTree = "<group>"; };
		43B47036239ABE9400E956C8 /* Title.Kind.swift */ = {isa = PBXFileReference; lastKnownFileType = sourcecode.swift; path = Title.Kind.swift; sourceTree = "<group>"; };
		43B47038239ABF0B00E956C8 /* Title.Kind.Priority.swift */ = {isa = PBXFileReference; lastKnownFileType = sourcecode.swift; path = Title.Kind.Priority.swift; sourceTree = "<group>"; };
		43B4703A239ABF6300E956C8 /* TitleStore.swift */ = {isa = PBXFileReference; lastKnownFileType = sourcecode.swift; path = TitleStore.swift; sourceTree = "<group>"; };
		43B4703C239AC01800E956C8 /* TitleStore.PrioritizedInKindedTitle.swift */ = {isa = PBXFileReference; lastKnownFileType = sourcecode.swift; path = TitleStore.PrioritizedInKindedTitle.swift; sourceTree = "<group>"; };
		43B4703E239C4B0F00E956C8 /* SectionView.swift */ = {isa = PBXFileReference; lastKnownFileType = sourcecode.swift; path = SectionView.swift; sourceTree = "<group>"; };
		43B47042239C508700E956C8 /* RowView.swift */ = {isa = PBXFileReference; lastKnownFileType = sourcecode.swift; path = RowView.swift; sourceTree = "<group>"; };
/* End PBXFileReference section */

/* Begin PBXFrameworksBuildPhase section */
		43B47011239641A500E956C8 /* Frameworks */ = {
			isa = PBXFrameworksBuildPhase;
			buildActionMask = 2147483647;
			files = (
			);
			runOnlyForDeploymentPostprocessing = 0;
		};
/* End PBXFrameworksBuildPhase section */

/* Begin PBXGroup section */
		43B4700B239641A500E956C8 = {
			isa = PBXGroup;
			children = (
				43B47016239641A500E956C8 /* WatchList */,
				43B47015239641A500E956C8 /* Products */,
			);
			sourceTree = "<group>";
		};
		43B47015239641A500E956C8 /* Products */ = {
			isa = PBXGroup;
			children = (
				43B47014239641A500E956C8 /* WatchList.app */,
			);
			name = Products;
			sourceTree = "<group>";
		};
		43B47016239641A500E956C8 /* WatchList */ = {
			isa = PBXGroup;
			children = (
				43B47017239641A500E956C8 /* AppDelegate.swift */,
				43B47019239641A500E956C8 /* SceneDelegate.swift */,
				43B4701D239641A600E956C8 /* Assets.xcassets */,
				43B47022239641A600E956C8 /* LaunchScreen.storyboard */,
				43B4702C239642B500E956C8 /* Views */,
				43B4702B2396421F00E956C8 /* Models */,
				43B4702D239642C400E956C8 /* Extensions */,
				43B47025239641A600E956C8 /* Info.plist */,
				43B4701F239641A600E956C8 /* Preview Content */,
			);
			path = WatchList;
			sourceTree = "<group>";
		};
		43B4701F239641A600E956C8 /* Preview Content */ = {
			isa = PBXGroup;
			children = (
				43B47020239641A600E956C8 /* Preview Assets.xcassets */,
			);
			path = "Preview Content";
			sourceTree = "<group>";
		};
		43B4702B2396421F00E956C8 /* Models */ = {
			isa = PBXGroup;
			children = (
				43B47034239ABE0700E956C8 /* Title.swift */,
				43B47036239ABE9400E956C8 /* Title.Kind.swift */,
				43B47038239ABF0B00E956C8 /* Title.Kind.Priority.swift */,
				43B4703A239ABF6300E956C8 /* TitleStore.swift */,
				43B4703C239AC01800E956C8 /* TitleStore.PrioritizedInKindedTitle.swift */,
			);
			path = Models;
			sourceTree = "<group>";
		};
		43B4702C239642B500E956C8 /* Views */ = {
			isa = PBXGroup;
			children = (
				43B4701B239641A500E956C8 /* ContentView.swift */,
				43B4703E239C4B0F00E956C8 /* SectionView.swift */,
				43B47042239C508700E956C8 /* RowView.swift */,
				432F7D9223A7615500165441 /* TitleEditingView.swift */,
			);
			path = Views;
			sourceTree = "<group>";
		};
		43B4702D239642C400E956C8 /* Extensions */ = {
			isa = PBXGroup;
			children = (
				43B4702E2396812700E956C8 /* Binding.swift */,
				43B4702F2396812700E956C8 /* ForEach.swift */,
				43B470302396812700E956C8 /* IndexCollection.swift */,
			);
			path = Extensions;
			sourceTree = "<group>";
		};
/* End PBXGroup section */

/* Begin PBXNativeTarget section */
		43B47013239641A500E956C8 /* WatchList */ = {
			isa = PBXNativeTarget;
			buildConfigurationList = 43B47028239641A600E956C8 /* Build configuration list for PBXNativeTarget "WatchList" */;
			buildPhases = (
				43B47010239641A500E956C8 /* Sources */,
				43B47011239641A500E956C8 /* Frameworks */,
				43B47012239641A500E956C8 /* Resources */,
			);
			buildRules = (
			);
			dependencies = (
			);
			name = WatchList;
			productName = WatchList;
			productReference = 43B47014239641A500E956C8 /* WatchList.app */;
			productType = "com.apple.product-type.application";
		};
/* End PBXNativeTarget section */

/* Begin PBXProject section */
		43B4700C239641A500E956C8 /* Project object */ = {
			isa = PBXProject;
			attributes = {
				LastSwiftUpdateCheck = 1120;
				LastUpgradeCheck = 1120;
				ORGANIZATIONNAME = "Cavit KULAKLI";
				TargetAttributes = {
					43B47013239641A500E956C8 = {
						CreatedOnToolsVersion = 11.2.1;
					};
				};
			};
			buildConfigurationList = 43B4700F239641A500E956C8 /* Build configuration list for PBXProject "WatchList" */;
			compatibilityVersion = "Xcode 9.3";
			developmentRegion = en;
			hasScannedForEncodings = 0;
			knownRegions = (
				en,
				Base,
			);
			mainGroup = 43B4700B239641A500E956C8;
			productRefGroup = 43B47015239641A500E956C8 /* Products */;
			projectDirPath = "";
			projectRoot = "";
			targets = (
				43B47013239641A500E956C8 /* WatchList */,
			);
		};
/* End PBXProject section */

/* Begin PBXResourcesBuildPhase section */
		43B47012239641A500E956C8 /* Resources */ = {
			isa = PBXResourcesBuildPhase;
			buildActionMask = 2147483647;
			files = (
				43B47024239641A600E956C8 /* LaunchScreen.storyboard in Resources */,
				43B47021239641A600E956C8 /* Preview Assets.xcassets in Resources */,
				43B4701E239641A600E956C8 /* Assets.xcassets in Resources */,
			);
			runOnlyForDeploymentPostprocessing = 0;
		};
/* End PBXResourcesBuildPhase section */

/* Begin PBXSourcesBuildPhase section */
		43B47010239641A500E956C8 /* Sources */ = {
			isa = PBXSourcesBuildPhase;
			buildActionMask = 2147483647;
			files = (
				43B47018239641A500E956C8 /* AppDelegate.swift in Sources */,
				43B4701A239641A500E956C8 /* SceneDelegate.swift in Sources */,
				43B4701C239641A500E956C8 /* ContentView.swift in Sources */,
				43B47037239ABE9400E956C8 /* Title.Kind.swift in Sources */,
				43B470322396812700E956C8 /* ForEach.swift in Sources */,
				43B47039239ABF0B00E956C8 /* Title.Kind.Priority.swift in Sources */,
				43B47035239ABE0700E956C8 /* Title.swift in Sources */,
				43B470312396812700E956C8 /* Binding.swift in Sources */,
				43B4703F239C4B0F00E956C8 /* SectionView.swift in Sources */,
				43B47043239C508700E956C8 /* RowView.swift in Sources */,
				43B470332396812700E956C8 /* IndexCollection.swift in Sources */,
				432F7D9323A7615500165441 /* TitleEditingView.swift in Sources */,
				43B4703B239ABF6300E956C8 /* TitleStore.swift in Sources */,
				43B4703D239AC01800E956C8 /* TitleStore.PrioritizedInKindedTitle.swift in Sources */,
			);
			runOnlyForDeploymentPostprocessing = 0;
		};
/* End PBXSourcesBuildPhase section */

/* Begin PBXVariantGroup section */
		43B47022239641A600E956C8 /* LaunchScreen.storyboard */ = {
			isa = PBXVariantGroup;
			children = (
				43B47023239641A600E956C8 /* Base */,
			);
			name = LaunchScreen.storyboard;
			sourceTree = "<group>";
		};
/* End PBXVariantGroup section */

/* Begin XCBuildConfiguration section */
		43B47026239641A600E956C8 /* Debug */ = {
			isa = XCBuildConfiguration;
			buildSettings = {
				ALWAYS_SEARCH_USER_PATHS = NO;
				CLANG_ANALYZER_NONNULL = YES;
				CLANG_ANALYZER_NUMBER_OBJECT_CONVERSION = YES_AGGRESSIVE;
				CLANG_CXX_LANGUAGE_STANDARD = "gnu++14";
				CLANG_CXX_LIBRARY = "libc++";
				CLANG_ENABLE_MODULES = YES;
				CLANG_ENABLE_OBJC_ARC = YES;
				CLANG_ENABLE_OBJC_WEAK = YES;
				CLANG_WARN_BLOCK_CAPTURE_AUTORELEASING = YES;
				CLANG_WARN_BOOL_CONVERSION = YES;
				CLANG_WARN_COMMA = YES;
				CLANG_WARN_CONSTANT_CONVERSION = YES;
				CLANG_WARN_DEPRECATED_OBJC_IMPLEMENTATIONS = YES;
				CLANG_WARN_DIRECT_OBJC_ISA_USAGE = YES_ERROR;
				CLANG_WARN_DOCUMENTATION_COMMENTS = YES;
				CLANG_WARN_EMPTY_BODY = YES;
				CLANG_WARN_ENUM_CONVERSION = YES;
				CLANG_WARN_INFINITE_RECURSION = YES;
				CLANG_WARN_INT_CONVERSION = YES;
				CLANG_WARN_NON_LITERAL_NULL_CONVERSION = YES;
				CLANG_WARN_OBJC_IMPLICIT_RETAIN_SELF = YES;
				CLANG_WARN_OBJC_LITERAL_CONVERSION = YES;
				CLANG_WARN_OBJC_ROOT_CLASS = YES_ERROR;
				CLANG_WARN_RANGE_LOOP_ANALYSIS = YES;
				CLANG_WARN_STRICT_PROTOTYPES = YES;
				CLANG_WARN_SUSPICIOUS_MOVE = YES;
				CLANG_WARN_UNGUARDED_AVAILABILITY = YES_AGGRESSIVE;
				CLANG_WARN_UNREACHABLE_CODE = YES;
				CLANG_WARN__DUPLICATE_METHOD_MATCH = YES;
				COPY_PHASE_STRIP = NO;
				DEBUG_INFORMATION_FORMAT = dwarf;
				ENABLE_STRICT_OBJC_MSGSEND = YES;
				ENABLE_TESTABILITY = YES;
				GCC_C_LANGUAGE_STANDARD = gnu11;
				GCC_DYNAMIC_NO_PIC = NO;
				GCC_NO_COMMON_BLOCKS = YES;
				GCC_OPTIMIZATION_LEVEL = 0;
				GCC_PREPROCESSOR_DEFINITIONS = (
					"DEBUG=1",
					"$(inherited)",
				);
				GCC_WARN_64_TO_32_BIT_CONVERSION = YES;
				GCC_WARN_ABOUT_RETURN_TYPE = YES_ERROR;
				GCC_WARN_UNDECLARED_SELECTOR = YES;
				GCC_WARN_UNINITIALIZED_AUTOS = YES_AGGRESSIVE;
				GCC_WARN_UNUSED_FUNCTION = YES;
				GCC_WARN_UNUSED_VARIABLE = YES;
				IPHONEOS_DEPLOYMENT_TARGET = 13.2;
				MTL_ENABLE_DEBUG_INFO = INCLUDE_SOURCE;
				MTL_FAST_MATH = YES;
				ONLY_ACTIVE_ARCH = YES;
				SDKROOT = iphoneos;
				SWIFT_ACTIVE_COMPILATION_CONDITIONS = DEBUG;
				SWIFT_OPTIMIZATION_LEVEL = "-Onone";
			};
			name = Debug;
		};
		43B47027239641A600E956C8 /* Release */ = {
			isa = XCBuildConfiguration;
			buildSettings = {
				ALWAYS_SEARCH_USER_PATHS = NO;
				CLANG_ANALYZER_NONNULL = YES;
				CLANG_ANALYZER_NUMBER_OBJECT_CONVERSION = YES_AGGRESSIVE;
				CLANG_CXX_LANGUAGE_STANDARD = "gnu++14";
				CLANG_CXX_LIBRARY = "libc++";
				CLANG_ENABLE_MODULES = YES;
				CLANG_ENABLE_OBJC_ARC = YES;
				CLANG_ENABLE_OBJC_WEAK = YES;
				CLANG_WARN_BLOCK_CAPTURE_AUTORELEASING = YES;
				CLANG_WARN_BOOL_CONVERSION = YES;
				CLANG_WARN_COMMA = YES;
				CLANG_WARN_CONSTANT_CONVERSION = YES;
				CLANG_WARN_DEPRECATED_OBJC_IMPLEMENTATIONS = YES;
				CLANG_WARN_DIRECT_OBJC_ISA_USAGE = YES_ERROR;
				CLANG_WARN_DOCUMENTATION_COMMENTS = YES;
				CLANG_WARN_EMPTY_BODY = YES;
				CLANG_WARN_ENUM_CONVERSION = YES;
				CLANG_WARN_INFINITE_RECURSION = YES;
				CLANG_WARN_INT_CONVERSION = YES;
				CLANG_WARN_NON_LITERAL_NULL_CONVERSION = YES;
				CLANG_WARN_OBJC_IMPLICIT_RETAIN_SELF = YES;
				CLANG_WARN_OBJC_LITERAL_CONVERSION = YES;
				CLANG_WARN_OBJC_ROOT_CLASS = YES_ERROR;
				CLANG_WARN_RANGE_LOOP_ANALYSIS = YES;
				CLANG_WARN_STRICT_PROTOTYPES = YES;
				CLANG_WARN_SUSPICIOUS_MOVE = YES;
				CLANG_WARN_UNGUARDED_AVAILABILITY = YES_AGGRESSIVE;
				CLANG_WARN_UNREACHABLE_CODE = YES;
				CLANG_WARN__DUPLICATE_METHOD_MATCH = YES;
				COPY_PHASE_STRIP = NO;
				DEBUG_INFORMATION_FORMAT = "dwarf-with-dsym";
				ENABLE_NS_ASSERTIONS = NO;
				ENABLE_STRICT_OBJC_MSGSEND = YES;
				GCC_C_LANGUAGE_STANDARD = gnu11;
				GCC_NO_COMMON_BLOCKS = YES;
				GCC_WARN_64_TO_32_BIT_CONVERSION = YES;
				GCC_WARN_ABOUT_RETURN_TYPE = YES_ERROR;
				GCC_WARN_UNDECLARED_SELECTOR = YES;
				GCC_WARN_UNINITIALIZED_AUTOS = YES_AGGRESSIVE;
				GCC_WARN_UNUSED_FUNCTION = YES;
				GCC_WARN_UNUSED_VARIABLE = YES;
				IPHONEOS_DEPLOYMENT_TARGET = 13.2;
				MTL_ENABLE_DEBUG_INFO = NO;
				MTL_FAST_MATH = YES;
				SDKROOT = iphoneos;
				SWIFT_COMPILATION_MODE = wholemodule;
				SWIFT_OPTIMIZATION_LEVEL = "-O";
				VALIDATE_PRODUCT = YES;
			};
			name = Release;
		};
		43B47029239641A600E956C8 /* Debug */ = {
			isa = XCBuildConfiguration;
			buildSettings = {
				ASSETCATALOG_COMPILER_APPICON_NAME = AppIcon;
				CODE_SIGN_STYLE = Automatic;
				DEVELOPMENT_ASSET_PATHS = "\"WatchList/Preview Content\"";
				DEVELOPMENT_TEAM = 8NMT8J48NQ;
				ENABLE_PREVIEWS = YES;
				INFOPLIST_FILE = WatchList/Info.plist;
				LD_RUNPATH_SEARCH_PATHS = (
					"$(inherited)",
					"@executable_path/Frameworks",
				);
				PRODUCT_BUNDLE_IDENTIFIER = com.cavitkulakli.WatchList;
				PRODUCT_NAME = "$(TARGET_NAME)";
				SWIFT_VERSION = 5.0;
				TARGETED_DEVICE_FAMILY = "1,2";
			};
			name = Debug;
		};
		43B4702A239641A600E956C8 /* Release */ = {
			isa = XCBuildConfiguration;
			buildSettings = {
				ASSETCATALOG_COMPILER_APPICON_NAME = AppIcon;
				CODE_SIGN_STYLE = Automatic;
				DEVELOPMENT_ASSET_PATHS = "\"WatchList/Preview Content\"";
				DEVELOPMENT_TEAM = 8NMT8J48NQ;
				ENABLE_PREVIEWS = YES;
				INFOPLIST_FILE = WatchList/Info.plist;
				LD_RUNPATH_SEARCH_PATHS = (
					"$(inherited)",
					"@executable_path/Frameworks",
				);
				PRODUCT_BUNDLE_IDENTIFIER = com.cavitkulakli.WatchList;
				PRODUCT_NAME = "$(TARGET_NAME)";
				SWIFT_VERSION = 5.0;
				TARGETED_DEVICE_FAMILY = "1,2";
			};
			name = Release;
		};
/* End XCBuildConfiguration section */

/* Begin XCConfigurationList section */
		43B4700F239641A500E956C8 /* Build configuration list for PBXProject "WatchList" */ = {
			isa = XCConfigurationList;
			buildConfigurations = (
				43B47026239641A600E956C8 /* Debug */,
				43B47027239641A600E956C8 /* Release */,
			);
			defaultConfigurationIsVisible = 0;
			defaultConfigurationName = Release;
		};
		43B47028239641A600E956C8 /* Build configuration list for PBXNativeTarget "WatchList" */ = {
			isa = XCConfigurationList;
			buildConfigurations = (
				43B47029239641A600E956C8 /* Debug */,
				43B4702A239641A600E956C8 /* Release */,
			);
			defaultConfigurationIsVisible = 0;
			defaultConfigurationName = Release;
		};
/* End XCConfigurationList section */
	};
	rootObject = 43B4700C239641A500E956C8 /* Project object */;
}
